{
  "nodes": {
    "nixpkgs": {
      "locked": {
        "lastModified": 1710349807,
        "narHash": "sha256-sfotzLhRUPnQC6X9ic0mSq+OdiX5dsMVikZRWgIkAmE=",
        "owner": "nixos",
        "repo": "nixpkgs",
        "rev": "ff8d247de1bd2a9af36fd41104418b9022c62e9a",
        "type": "github"
      },
      "original": {
        "owner": "nixos",
        "repo": "nixpkgs",
        "type": "github"
      }
    },
    "root": {
      "inputs": {
        "nixpkgs": "nixpkgs"
      }
    }
  },
  "root": "root",
  "version": 7
}
