{
  "nodes": {
    "naersk": {
      "inputs": {
        "nixpkgs": [
          "nixpkgs"
        ]
      },
      "locked": {
        "lastModified": 1671096816,
        "narHash": "sha256-ezQCsNgmpUHdZANDCILm3RvtO1xH8uujk/+EqNvzIOg=",
        "owner": "nmattia",
        "repo": "naersk",
        "rev": "d998160d6a076cfe8f9741e56aeec7e267e3e114",
        "type": "github"
      },
      "original": {
        "owner": "nmattia",
        "repo": "naersk",
        "type": "github"
      }
    },
    "nixpkgs": {
      "locked": {
        "lastModified": 1675588726,
        "narHash": "sha256-syonrlFmqcE+tJ11ZFMfRl2B8uL9A7PzcMsHC90r6XA=",
        "owner": "NixOS",
        "repo": "nixpkgs",
        "rev": "ecf734051b1cebadabc32c3454198b2bd9365575",
        "type": "github"
      },
      "original": {
        "owner": "NixOS",
        "ref": "master",
        "repo": "nixpkgs",
        "type": "github"
      }
    },
    "root": {
      "inputs": {
        "naersk": "naersk",
        "nixpkgs": "nixpkgs",
        "rust-overlay": "rust-overlay",
        "utils": "utils"
      }
    },
    "rust-overlay": {
      "flake": false,
      "locked": {
        "lastModified": 1675564291,
        "narHash": "sha256-mJ9ISIElFGCPYRDBYVv2AWPwYSsbTCEJg2E9n4ALxwc=",
        "owner": "oxalica",
        "repo": "rust-overlay",
        "rev": "3bf0a253c07b4ddea8a5f0fb805e2a412cc7c7d4",
        "type": "github"
      },
      "original": {
        "owner": "oxalica",
        "repo": "rust-overlay",
        "type": "github"
      }
    },
    "utils": {
      "locked": {
        "lastModified": 1667395993,
        "narHash": "sha256-nuEHfE/LcWyuSWnS8t12N1wc105Qtau+/OdUAjtQ0rA=",
        "owner": "numtide",
        "repo": "flake-utils",
        "rev": "5aed5285a952e0b949eb3ba02c12fa4fcfef535f",
        "type": "github"
      },
      "original": {
        "owner": "numtide",
        "repo": "flake-utils",
        "type": "github"
      }
    }
  },
  "root": "root",
  "version": 7
}
