# This file was autogenerated by Stack.
# You should not edit this file by hand.
# For more information, please see the documentation at:
#   https://docs.haskellstack.org/en/stable/lock_files

packages:
- completed:
    hackage: partial-order-0.2.0.0@sha256:a0d6ddc9ebcfa965a5cbcff1d06d46a79d44ea5a0335c583c2a51bcb41334487,2275
    pantry-tree:
      size: 273
      sha256: 674243e0470949fa81a6025ae0ddb1c52c48cffbf163249868563ec826eaadc5
  original:
    hackage: partial-order-0.2.0.0@sha256:a0d6ddc9ebcfa965a5cbcff1d06d46a79d44ea5a0335c583c2a51bcb41334487,2275
snapshots:
- completed:
    size: 524162
    url: https://raw.githubusercontent.com/commercialhaskell/stackage-snapshots/master/lts/14/21.yaml
    sha256: 9a55dd75853718f2bbbe951872b36a3b7802fcd71796e0f25b8664f24e34c666
  original: lts-14.21
