# This file was autogenerated by Stack.
# You should not edit this file by hand.
# For more information, please see the documentation at:
#   https://docs.haskellstack.org/en/stable/lock_files

packages:
- completed:
    hackage: spdx-1.0.0.3@sha256:a83bfd305fed2a23e7643d43a8431380c7569adc33e246a34589eac426ea1853,2116
    pantry-tree:
      sha256: 1f01bae04a35bb8813545a7e4bd84f5c672f23ca29d19ece5125652acebe3c9b
      size: 569
  original:
    hackage: spdx-1.0.0.3@sha256:a83bfd305fed2a23e7643d43a8431380c7569adc33e246a34589eac426ea1853,2116
snapshots:
- completed:
    sha256: 14ca51a9a597c32dd7804c10d079feea3d0ae40c5fbbb346cbd67b3ae49f6d01
    size: 649598
    url: https://raw.githubusercontent.com/commercialhaskell/stackage-snapshots/master/lts/20/17.yaml
  original:
    url: https://raw.githubusercontent.com/commercialhaskell/stackage-snapshots/master/lts/20/17.yaml
